
Microsoft Visual Studio Solution File, Format Version 12.00
# Visual Studio Version 17
VisualStudioVersion = 17.4.33122.133
MinimumVisualStudioVersion = 10.0.40219.1
Project("{9A19103F-16F7-4668-BE54-9A1E7A4F7556}") = "EncryptionAlgorithm.Tests", "Tests\EncryptionAlgorithm.Tests\EncryptionAlgorithm.Tests.csproj", "{DEB96B88-EC45-4E23-8801-6B4825C056C8}"
EndProject
Project("{9A19103F-16F7-4668-BE54-9A1E7A4F7556}") = "EncryptionAlgorithm", "Src\EncryptionAlgorithm\EncryptionAlgorithm.csproj", "{23FEF7BA-30A8-4538-BFDA-3A023C2D2274}"
EndProject
Project("{2150E333-8FDC-42A3-9474-1A3956D46DE8}") = "App", "App", "{726DEF6D-C995-4B2B-A417-EB6E594AAD45}"
EndProject
Project("{FAE04EC0-301F-11D3-BF4B-00C04F79EFBC}") = "EncryptionCodeBook.UWP", "Src\App\EncryptionCodeBook.UWP\EncryptionCodeBook.UWP.csproj", "{1CF299A7-03A6-46F7-9D50-01DB82F5AEC4}"
EndProject
Project("{2150E333-8FDC-42A3-9474-1A3956D46DE8}") = "EncryptionDirectory", "EncryptionDirectory", "{A66A4EEB-A08E-4F66-98AC-7279EFEC00F7}"
EndProject
Project("{9A19103F-16F7-4668-BE54-9A1E7A4F7556}") = "EncryptionDirectory", "Src\App\EncryptionDirectory\EncryptionDirectory\EncryptionDirectory.csproj", "{9976007D-457D-45C9-9867-882806167538}"
EndProject
Global
	GlobalSection(SolutionConfigurationPlatforms) = preSolution
		Debug|Any CPU = Debug|Any CPU
		Debug|ARM = Debug|ARM
		Debug|ARM64 = Debug|ARM64
		Debug|x64 = Debug|x64
		Debug|x86 = Debug|x86
		Release|Any CPU = Release|Any CPU
		Release|ARM = Release|ARM
		Release|ARM64 = Release|ARM64
		Release|x64 = Release|x64
		Release|x86 = Release|x86
	EndGlobalSection
	GlobalSection(ProjectConfigurationPlatforms) = postSolution
		{DEB96B88-EC45-4E23-8801-6B4825C056C8}.Debug|Any CPU.ActiveCfg = Debug|Any CPU
		{DEB96B88-EC45-4E23-8801-6B4825C056C8}.Debug|Any CPU.Build.0 = Debug|Any CPU
		{DEB96B88-EC45-4E23-8801-6B4825C056C8}.Debug|ARM.ActiveCfg = Debug|Any CPU
		{DEB96B88-EC45-4E23-8801-6B4825C056C8}.Debug|ARM.Build.0 = Debug|Any CPU
		{DEB96B88-EC45-4E23-8801-6B4825C056C8}.Debug|ARM64.ActiveCfg = Debug|Any CPU
		{DEB96B88-EC45-4E23-8801-6B4825C056C8}.Debug|ARM64.Build.0 = Debug|Any CPU
		{DEB96B88-EC45-4E23-8801-6B4825C056C8}.Debug|x64.ActiveCfg = Debug|Any CPU
		{DEB96B88-EC45-4E23-8801-6B4825C056C8}.Debug|x64.Build.0 = Debug|Any CPU
		{DEB96B88-EC45-4E23-8801-6B4825C056C8}.Debug|x86.ActiveCfg = Debug|Any CPU
		{DEB96B88-EC45-4E23-8801-6B4825C056C8}.Debug|x86.Build.0 = Debug|Any CPU
		{DEB96B88-EC45-4E23-8801-6B4825C056C8}.Release|Any CPU.ActiveCfg = Release|Any CPU
		{DEB96B88-EC45-4E23-8801-6B4825C056C8}.Release|Any CPU.Build.0 = Release|Any CPU
		{DEB96B88-EC45-4E23-8801-6B4825C056C8}.Release|ARM.ActiveCfg = Release|Any CPU
		{DEB96B88-EC45-4E23-8801-6B4825C056C8}.Release|ARM.Build.0 = Release|Any CPU
		{DEB96B88-EC45-4E23-8801-6B4825C056C8}.Release|ARM64.ActiveCfg = Release|Any CPU
		{DEB96B88-EC45-4E23-8801-6B4825C056C8}.Release|ARM64.Build.0 = Release|Any CPU
		{DEB96B88-EC45-4E23-8801-6B4825C056C8}.Release|x64.ActiveCfg = Release|Any CPU
		{DEB96B88-EC45-4E23-8801-6B4825C056C8}.Release|x64.Build.0 = Release|Any CPU
		{DEB96B88-EC45-4E23-8801-6B4825C056C8}.Release|x86.ActiveCfg = Release|Any CPU
		{DEB96B88-EC45-4E23-8801-6B4825C056C8}.Release|x86.Build.0 = Release|Any CPU
		{23FEF7BA-30A8-4538-BFDA-3A023C2D2274}.Debug|Any CPU.ActiveCfg = Debug|Any CPU
		{23FEF7BA-30A8-4538-BFDA-3A023C2D2274}.Debug|Any CPU.Build.0 = Debug|Any CPU
		{23FEF7BA-30A8-4538-BFDA-3A023C2D2274}.Debug|ARM.ActiveCfg = Debug|Any CPU
		{23FEF7BA-30A8-4538-BFDA-3A023C2D2274}.Debug|ARM.Build.0 = Debug|Any CPU
		{23FEF7BA-30A8-4538-BFDA-3A023C2D2274}.Debug|ARM64.ActiveCfg = Debug|Any CPU
		{23FEF7BA-30A8-4538-BFDA-3A023C2D2274}.Debug|ARM64.Build.0 = Debug|Any CPU
		{23FEF7BA-30A8-4538-BFDA-3A023C2D2274}.Debug|x64.ActiveCfg = Debug|Any CPU
		{23FEF7BA-30A8-4538-BFDA-3A023C2D2274}.Debug|x64.Build.0 = Debug|Any CPU
		{23FEF7BA-30A8-4538-BFDA-3A023C2D2274}.Debug|x86.ActiveCfg = Debug|Any CPU
		{23FEF7BA-30A8-4538-BFDA-3A023C2D2274}.Debug|x86.Build.0 = Debug|Any CPU
		{23FEF7BA-30A8-4538-BFDA-3A023C2D2274}.Release|Any CPU.ActiveCfg = Release|Any CPU
		{23FEF7BA-30A8-4538-BFDA-3A023C2D2274}.Release|Any CPU.Build.0 = Release|Any CPU
		{23FEF7BA-30A8-4538-BFDA-3A023C2D2274}.Release|ARM.ActiveCfg = Release|Any CPU
		{23FEF7BA-30A8-4538-BFDA-3A023C2D2274}.Release|ARM.Build.0 = Release|Any CPU
		{23FEF7BA-30A8-4538-BFDA-3A023C2D2274}.Release|ARM64.ActiveCfg = Release|Any CPU
		{23FEF7BA-30A8-4538-BFDA-3A023C2D2274}.Release|ARM64.Build.0 = Release|Any CPU
		{23FEF7BA-30A8-4538-BFDA-3A023C2D2274}.Release|x64.ActiveCfg = Release|Any CPU
		{23FEF7BA-30A8-4538-BFDA-3A023C2D2274}.Release|x64.Build.0 = Release|Any CPU
		{23FEF7BA-30A8-4538-BFDA-3A023C2D2274}.Release|x86.ActiveCfg = Release|Any CPU
		{23FEF7BA-30A8-4538-BFDA-3A023C2D2274}.Release|x86.Build.0 = Release|Any CPU
		{1CF299A7-03A6-46F7-9D50-01DB82F5AEC4}.Debug|Any CPU.ActiveCfg = Debug|x86
		{1CF299A7-03A6-46F7-9D50-01DB82F5AEC4}.Debug|ARM.ActiveCfg = Debug|ARM
		{1CF299A7-03A6-46F7-9D50-01DB82F5AEC4}.Debug|ARM.Build.0 = Debug|ARM
		{1CF299A7-03A6-46F7-9D50-01DB82F5AEC4}.Debug|ARM.Deploy.0 = Debug|ARM
		{1CF299A7-03A6-46F7-9D50-01DB82F5AEC4}.Debug|ARM64.ActiveCfg = Debug|ARM64
		{1CF299A7-03A6-46F7-9D50-01DB82F5AEC4}.Debug|ARM64.Build.0 = Debug|ARM64
		{1CF299A7-03A6-46F7-9D50-01DB82F5AEC4}.Debug|ARM64.Deploy.0 = Debug|ARM64
		{1CF299A7-03A6-46F7-9D50-01DB82F5AEC4}.Debug|x64.ActiveCfg = Debug|x64
		{1CF299A7-03A6-46F7-9D50-01DB82F5AEC4}.Debug|x64.Build.0 = Debug|x64
		{1CF299A7-03A6-46F7-9D50-01DB82F5AEC4}.Debug|x64.Deploy.0 = Debug|x64
		{1CF299A7-03A6-46F7-9D50-01DB82F5AEC4}.Debug|x86.ActiveCfg = Debug|x86
		{1CF299A7-03A6-46F7-9D50-01DB82F5AEC4}.Debug|x86.Build.0 = Debug|x86
		{1CF299A7-03A6-46F7-9D50-01DB82F5AEC4}.Debug|x86.Deploy.0 = Debug|x86
		{1CF299A7-03A6-46F7-9D50-01DB82F5AEC4}.Release|Any CPU.ActiveCfg = Release|x86
		{1CF299A7-03A6-46F7-9D50-01DB82F5AEC4}.Release|ARM.ActiveCfg = Release|ARM
		{1CF299A7-03A6-46F7-9D50-01DB82F5AEC4}.Release|ARM.Build.0 = Release|ARM
		{1CF299A7-03A6-46F7-9D50-01DB82F5AEC4}.Release|ARM.Deploy.0 = Release|ARM
		{1CF299A7-03A6-46F7-9D50-01DB82F5AEC4}.Release|ARM64.ActiveCfg = Release|ARM64
		{1CF299A7-03A6-46F7-9D50-01DB82F5AEC4}.Release|ARM64.Build.0 = Release|ARM64
		{1CF299A7-03A6-46F7-9D50-01DB82F5AEC4}.Release|ARM64.Deploy.0 = Release|ARM64
		{1CF299A7-03A6-46F7-9D50-01DB82F5AEC4}.Release|x64.ActiveCfg = Release|x64
		{1CF299A7-03A6-46F7-9D50-01DB82F5AEC4}.Release|x64.Build.0 = Release|x64
		{1CF299A7-03A6-46F7-9D50-01DB82F5AEC4}.Release|x64.Deploy.0 = Release|x64
		{1CF299A7-03A6-46F7-9D50-01DB82F5AEC4}.Release|x86.ActiveCfg = Release|x86
		{1CF299A7-03A6-46F7-9D50-01DB82F5AEC4}.Release|x86.Build.0 = Release|x86
		{1CF299A7-03A6-46F7-9D50-01DB82F5AEC4}.Release|x86.Deploy.0 = Release|x86
		{9976007D-457D-45C9-9867-882806167538}.Debug|Any CPU.ActiveCfg = Debug|Any CPU
		{9976007D-457D-45C9-9867-882806167538}.Debug|Any CPU.Build.0 = Debug|Any CPU
		{9976007D-457D-45C9-9867-882806167538}.Debug|ARM.ActiveCfg = Debug|Any CPU
		{9976007D-457D-45C9-9867-882806167538}.Debug|ARM.Build.0 = Debug|Any CPU
		{9976007D-457D-45C9-9867-882806167538}.Debug|ARM64.ActiveCfg = Debug|Any CPU
		{9976007D-457D-45C9-9867-882806167538}.Debug|ARM64.Build.0 = Debug|Any CPU
		{9976007D-457D-45C9-9867-882806167538}.Debug|x64.ActiveCfg = Debug|Any CPU
		{9976007D-457D-45C9-9867-882806167538}.Debug|x64.Build.0 = Debug|Any CPU
		{9976007D-457D-45C9-9867-882806167538}.Debug|x86.ActiveCfg = Debug|Any CPU
		{9976007D-457D-45C9-9867-882806167538}.Debug|x86.Build.0 = Debug|Any CPU
		{9976007D-457D-45C9-9867-882806167538}.Release|Any CPU.ActiveCfg = Release|Any CPU
		{9976007D-457D-45C9-9867-882806167538}.Release|Any CPU.Build.0 = Release|Any CPU
		{9976007D-457D-45C9-9867-882806167538}.Release|ARM.ActiveCfg = Release|Any CPU
		{9976007D-457D-45C9-9867-882806167538}.Release|ARM.Build.0 = Release|Any CPU
		{9976007D-457D-45C9-9867-882806167538}.Release|ARM64.ActiveCfg = Release|Any CPU
		{9976007D-457D-45C9-9867-882806167538}.Release|ARM64.Build.0 = Release|Any CPU
		{9976007D-457D-45C9-9867-882806167538}.Release|x64.ActiveCfg = Release|Any CPU
		{9976007D-457D-45C9-9867-882806167538}.Release|x64.Build.0 = Release|Any CPU
		{9976007D-457D-45C9-9867-882806167538}.Release|x86.ActiveCfg = Release|Any CPU
		{9976007D-457D-45C9-9867-882806167538}.Release|x86.Build.0 = Release|Any CPU
	EndGlobalSection
	GlobalSection(SolutionProperties) = preSolution
		HideSolutionNode = FALSE
	EndGlobalSection
	GlobalSection(NestedProjects) = preSolution
		{1CF299A7-03A6-46F7-9D50-01DB82F5AEC4} = {726DEF6D-C995-4B2B-A417-EB6E594AAD45}
		{A66A4EEB-A08E-4F66-98AC-7279EFEC00F7} = {726DEF6D-C995-4B2B-A417-EB6E594AAD45}
		{9976007D-457D-45C9-9867-882806167538} = {A66A4EEB-A08E-4F66-98AC-7279EFEC00F7}
	EndGlobalSection
	GlobalSection(ExtensibilityGlobals) = postSolution
		SolutionGuid = {C2ED772D-7242-462C-8F8B-E000CA2D037C}
	EndGlobalSection
EndGlobal
