Microsoft Visual Studio Solution File, Format Version 12.00
# Visual Studio Version 17
VisualStudioVersion = 17.4.33122.133
MinimumVisualStudioVersion = 15.0.26124.0
Project("{D954291E-2A0B-460D-934E-DC6B0785DB48}") = "EncryptionDirectory.Uno.Shared", "EncryptionDirectory.Uno.Shared\EncryptionDirectory.Uno.Shared.shproj", "{6279C845-92F8-4333-AB99-3D213163593C}"
EndProject
Project("{9A19103F-16F7-4668-BE54-9A1E7A4F7556}") = "EncryptionDirectory.Uno.Mobile", "EncryptionDirectory.Uno.Mobile\EncryptionDirectory.Uno.Mobile.csproj", "{C936E8DD-E16D-4957-BC54-24D4C7B829A5}"
EndProject
Project("{9A19103F-16F7-4668-BE54-9A1E7A4F7556}") = "EncryptionDirectory.Uno.Wasm", "EncryptionDirectory.Uno.Wasm\EncryptionDirectory.Uno.Wasm.csproj", "{40EA03F7-8A22-4143-B251-79BAC3EB13D2}"
EndProject
Project("{9A19103F-16F7-4668-BE54-9A1E7A4F7556}") = "EncryptionDirectory.Uno.Server", "EncryptionDirectory.Uno.Server\EncryptionDirectory.Uno.Server.csproj", "{40EA03F7-8A22-1234-B251-79BAC3EB13D2}"
EndProject
Project("{9A19103F-16F7-4668-BE54-9A1E7A4F7556}") = "EncryptionDirectory.Uno.Skia.Gtk", "EncryptionDirectory.Uno.Skia.Gtk\EncryptionDirectory.Uno.Skia.Gtk.csproj", "{A5B8155A-118F-4794-B551-C6F3CF7E5411}"
EndProject
Project("{9A19103F-16F7-4668-BE54-9A1E7A4F7556}") = "EncryptionDirectory.Uno.Skia.WPF", "EncryptionDirectory.Uno.Skia.WPF\EncryptionDirectory.Uno.Skia.WPF.csproj", "{5563587A-C371-4043-92DC-08D85C770FCE}"
EndProject
Project("{9A19103F-16F7-4668-BE54-9A1E7A4F7556}") = "EncryptionDirectory.Uno.Windows", "EncryptionDirectory.Uno.Windows\EncryptionDirectory.Uno.Windows.csproj", "{1AA13270-F438-4864-9435-54FD806E10EA}"
EndProject
Project("{9A19103F-16F7-4668-BE54-9A1E7A4F7556}") = "EncryptionDirectory.Uno.Skia.Linux.FrameBuffer", "EncryptionDirectory.Uno.Skia.Linux.FrameBuffer\EncryptionDirectory.Uno.Skia.Linux.FrameBuffer.csproj", "{761D821E-9905-4444-9ADF-76C995FE5427}"
EndProject
Project("{9A19103F-16F7-4668-BE54-9A1E7A4F7556}") = "EncryptionDirectory.Wpf", "..\EncryptionDirectory.Wpf\EncryptionDirectory.Wpf.csproj", "{EB194012-1AFA-44A3-9812-8A73D9A668F1}"
EndProject
Project("{9A19103F-16F7-4668-BE54-9A1E7A4F7556}") = "EncryptionDirectory", "..\EncryptionDirectory\EncryptionDirectory.csproj", "{D8BCA321-8591-4F59-8F9F-CA773883FF16}"
EndProject
Project("{9A19103F-16F7-4668-BE54-9A1E7A4F7556}") = "EncryptionAlgorithm", "..\..\..\EncryptionAlgorithm\EncryptionAlgorithm.csproj", "{6D43CE9F-C713-41A2-9D1A-B027C43A860D}"
EndProject
Global
	GlobalSection(SolutionConfigurationPlatforms) = preSolution
		Debug|Any CPU = Debug|Any CPU
		Debug|ARM = Debug|ARM
		Debug|ARM64 = Debug|ARM64
		Debug|iPhone = Debug|iPhone
		Debug|iPhoneSimulator = Debug|iPhoneSimulator
		Debug|x64 = Debug|x64
		Debug|x86 = Debug|x86
		Release|Any CPU = Release|Any CPU
		Release|ARM = Release|ARM
		Release|ARM64 = Release|ARM64
		Release|iPhone = Release|iPhone
		Release|iPhoneSimulator = Release|iPhoneSimulator
		Release|x64 = Release|x64
		Release|x86 = Release|x86
	EndGlobalSection
	GlobalSection(ProjectConfigurationPlatforms) = postSolution
		{C936E8DD-E16D-4957-BC54-24D4C7B829A5}.Debug|Any CPU.ActiveCfg = Debug|Any CPU
		{C936E8DD-E16D-4957-BC54-24D4C7B829A5}.Debug|Any CPU.Build.0 = Debug|Any CPU
		{C936E8DD-E16D-4957-BC54-24D4C7B829A5}.Debug|Any CPU.Deploy.0 = Debug|Any CPU
		{C936E8DD-E16D-4957-BC54-24D4C7B829A5}.Debug|ARM.ActiveCfg = Debug|Any CPU
		{C936E8DD-E16D-4957-BC54-24D4C7B829A5}.Debug|ARM.Build.0 = Debug|Any CPU
		{C936E8DD-E16D-4957-BC54-24D4C7B829A5}.Debug|ARM.Deploy.0 = Debug|Any CPU
		{C936E8DD-E16D-4957-BC54-24D4C7B829A5}.Debug|ARM64.ActiveCfg = Debug|Any CPU
		{C936E8DD-E16D-4957-BC54-24D4C7B829A5}.Debug|ARM64.Build.0 = Debug|Any CPU
		{C936E8DD-E16D-4957-BC54-24D4C7B829A5}.Debug|ARM64.Deploy.0 = Debug|Any CPU
		{C936E8DD-E16D-4957-BC54-24D4C7B829A5}.Debug|iPhone.ActiveCfg = Debug|Any CPU
		{C936E8DD-E16D-4957-BC54-24D4C7B829A5}.Debug|iPhone.Build.0 = Debug|Any CPU
		{C936E8DD-E16D-4957-BC54-24D4C7B829A5}.Debug|iPhone.Deploy.0 = Debug|Any CPU
		{C936E8DD-E16D-4957-BC54-24D4C7B829A5}.Debug|iPhoneSimulator.ActiveCfg = Debug|Any CPU
		{C936E8DD-E16D-4957-BC54-24D4C7B829A5}.Debug|iPhoneSimulator.Build.0 = Debug|Any CPU
		{C936E8DD-E16D-4957-BC54-24D4C7B829A5}.Debug|iPhoneSimulator.Deploy.0 = Debug|Any CPU
		{C936E8DD-E16D-4957-BC54-24D4C7B829A5}.Debug|x64.ActiveCfg = Debug|Any CPU
		{C936E8DD-E16D-4957-BC54-24D4C7B829A5}.Debug|x64.Build.0 = Debug|Any CPU
		{C936E8DD-E16D-4957-BC54-24D4C7B829A5}.Debug|x64.Deploy.0 = Debug|Any CPU
		{C936E8DD-E16D-4957-BC54-24D4C7B829A5}.Debug|x86.ActiveCfg = Debug|Any CPU
		{C936E8DD-E16D-4957-BC54-24D4C7B829A5}.Debug|x86.Build.0 = Debug|Any CPU
		{C936E8DD-E16D-4957-BC54-24D4C7B829A5}.Debug|x86.Deploy.0 = Debug|Any CPU
		{C936E8DD-E16D-4957-BC54-24D4C7B829A5}.Release|Any CPU.ActiveCfg = Release|Any CPU
		{C936E8DD-E16D-4957-BC54-24D4C7B829A5}.Release|Any CPU.Build.0 = Release|Any CPU
		{C936E8DD-E16D-4957-BC54-24D4C7B829A5}.Release|Any CPU.Deploy.0 = Release|Any CPU
		{C936E8DD-E16D-4957-BC54-24D4C7B829A5}.Release|ARM.ActiveCfg = Release|Any CPU
		{C936E8DD-E16D-4957-BC54-24D4C7B829A5}.Release|ARM.Build.0 = Release|Any CPU
		{C936E8DD-E16D-4957-BC54-24D4C7B829A5}.Release|ARM.Deploy.0 = Release|Any CPU
		{C936E8DD-E16D-4957-BC54-24D4C7B829A5}.Release|ARM64.ActiveCfg = Release|Any CPU
		{C936E8DD-E16D-4957-BC54-24D4C7B829A5}.Release|ARM64.Build.0 = Release|Any CPU
		{C936E8DD-E16D-4957-BC54-24D4C7B829A5}.Release|ARM64.Deploy.0 = Release|Any CPU
		{C936E8DD-E16D-4957-BC54-24D4C7B829A5}.Release|iPhone.ActiveCfg = Release|Any CPU
		{C936E8DD-E16D-4957-BC54-24D4C7B829A5}.Release|iPhone.Build.0 = Release|Any CPU
		{C936E8DD-E16D-4957-BC54-24D4C7B829A5}.Release|iPhone.Deploy.0 = Release|Any CPU
		{C936E8DD-E16D-4957-BC54-24D4C7B829A5}.Release|iPhoneSimulator.ActiveCfg = Release|Any CPU
		{C936E8DD-E16D-4957-BC54-24D4C7B829A5}.Release|iPhoneSimulator.Build.0 = Release|Any CPU
		{C936E8DD-E16D-4957-BC54-24D4C7B829A5}.Release|iPhoneSimulator.Deploy.0 = Release|Any CPU
		{C936E8DD-E16D-4957-BC54-24D4C7B829A5}.Release|x64.ActiveCfg = Release|Any CPU
		{C936E8DD-E16D-4957-BC54-24D4C7B829A5}.Release|x64.Build.0 = Release|Any CPU
		{C936E8DD-E16D-4957-BC54-24D4C7B829A5}.Release|x64.Deploy.0 = Release|Any CPU
		{C936E8DD-E16D-4957-BC54-24D4C7B829A5}.Release|x86.ActiveCfg = Release|Any CPU
		{C936E8DD-E16D-4957-BC54-24D4C7B829A5}.Release|x86.Build.0 = Release|Any CPU
		{C936E8DD-E16D-4957-BC54-24D4C7B829A5}.Release|x86.Deploy.0 = Release|Any CPU
		{40EA03F7-8A22-4143-B251-79BAC3EB13D2}.Debug|Any CPU.ActiveCfg = Debug|Any CPU
		{40EA03F7-8A22-4143-B251-79BAC3EB13D2}.Debug|Any CPU.Build.0 = Debug|Any CPU
		{40EA03F7-8A22-4143-B251-79BAC3EB13D2}.Debug|ARM.ActiveCfg = Debug|Any CPU
		{40EA03F7-8A22-4143-B251-79BAC3EB13D2}.Debug|ARM.Build.0 = Debug|Any CPU
		{40EA03F7-8A22-4143-B251-79BAC3EB13D2}.Debug|ARM64.ActiveCfg = Debug|Any CPU
		{40EA03F7-8A22-4143-B251-79BAC3EB13D2}.Debug|ARM64.Build.0 = Debug|Any CPU
		{40EA03F7-8A22-4143-B251-79BAC3EB13D2}.Debug|iPhone.ActiveCfg = Debug|Any CPU
		{40EA03F7-8A22-4143-B251-79BAC3EB13D2}.Debug|iPhone.Build.0 = Debug|Any CPU
		{40EA03F7-8A22-4143-B251-79BAC3EB13D2}.Debug|iPhoneSimulator.ActiveCfg = Debug|Any CPU
		{40EA03F7-8A22-4143-B251-79BAC3EB13D2}.Debug|iPhoneSimulator.Build.0 = Debug|Any CPU
		{40EA03F7-8A22-4143-B251-79BAC3EB13D2}.Debug|x64.ActiveCfg = Debug|Any CPU
		{40EA03F7-8A22-4143-B251-79BAC3EB13D2}.Debug|x64.Build.0 = Debug|Any CPU
		{40EA03F7-8A22-4143-B251-79BAC3EB13D2}.Debug|x86.ActiveCfg = Debug|Any CPU
		{40EA03F7-8A22-4143-B251-79BAC3EB13D2}.Debug|x86.Build.0 = Debug|Any CPU
		{40EA03F7-8A22-4143-B251-79BAC3EB13D2}.Release|Any CPU.ActiveCfg = Release|Any CPU
		{40EA03F7-8A22-4143-B251-79BAC3EB13D2}.Release|Any CPU.Build.0 = Release|Any CPU
		{40EA03F7-8A22-4143-B251-79BAC3EB13D2}.Release|ARM.ActiveCfg = Release|Any CPU
		{40EA03F7-8A22-4143-B251-79BAC3EB13D2}.Release|ARM.Build.0 = Release|Any CPU
		{40EA03F7-8A22-4143-B251-79BAC3EB13D2}.Release|ARM64.ActiveCfg = Release|Any CPU
		{40EA03F7-8A22-4143-B251-79BAC3EB13D2}.Release|ARM64.Build.0 = Release|Any CPU
		{40EA03F7-8A22-4143-B251-79BAC3EB13D2}.Release|iPhone.ActiveCfg = Release|Any CPU
		{40EA03F7-8A22-4143-B251-79BAC3EB13D2}.Release|iPhone.Build.0 = Release|Any CPU
		{40EA03F7-8A22-4143-B251-79BAC3EB13D2}.Release|iPhoneSimulator.ActiveCfg = Release|Any CPU
		{40EA03F7-8A22-4143-B251-79BAC3EB13D2}.Release|iPhoneSimulator.Build.0 = Release|Any CPU
		{40EA03F7-8A22-4143-B251-79BAC3EB13D2}.Release|x64.ActiveCfg = Release|Any CPU
		{40EA03F7-8A22-4143-B251-79BAC3EB13D2}.Release|x64.Build.0 = Release|Any CPU
		{40EA03F7-8A22-4143-B251-79BAC3EB13D2}.Release|x86.ActiveCfg = Release|Any CPU
		{40EA03F7-8A22-4143-B251-79BAC3EB13D2}.Release|x86.Build.0 = Release|Any CPU
		{40EA03F7-8A22-1234-B251-79BAC3EB13D2}.Debug|Any CPU.ActiveCfg = Debug|Any CPU
		{40EA03F7-8A22-1234-B251-79BAC3EB13D2}.Debug|Any CPU.Build.0 = Debug|Any CPU
		{40EA03F7-8A22-1234-B251-79BAC3EB13D2}.Debug|ARM.ActiveCfg = Debug|Any CPU
		{40EA03F7-8A22-1234-B251-79BAC3EB13D2}.Debug|ARM.Build.0 = Debug|Any CPU
		{40EA03F7-8A22-1234-B251-79BAC3EB13D2}.Debug|ARM64.ActiveCfg = Debug|Any CPU
		{40EA03F7-8A22-1234-B251-79BAC3EB13D2}.Debug|ARM64.Build.0 = Debug|Any CPU
		{40EA03F7-8A22-1234-B251-79BAC3EB13D2}.Debug|iPhone.ActiveCfg = Debug|Any CPU
		{40EA03F7-8A22-1234-B251-79BAC3EB13D2}.Debug|iPhone.Build.0 = Debug|Any CPU
		{40EA03F7-8A22-1234-B251-79BAC3EB13D2}.Debug|iPhoneSimulator.ActiveCfg = Debug|Any CPU
		{40EA03F7-8A22-1234-B251-79BAC3EB13D2}.Debug|iPhoneSimulator.Build.0 = Debug|Any CPU
		{40EA03F7-8A22-1234-B251-79BAC3EB13D2}.Debug|x64.ActiveCfg = Debug|Any CPU
		{40EA03F7-8A22-1234-B251-79BAC3EB13D2}.Debug|x64.Build.0 = Debug|Any CPU
		{40EA03F7-8A22-1234-B251-79BAC3EB13D2}.Debug|x86.ActiveCfg = Debug|Any CPU
		{40EA03F7-8A22-1234-B251-79BAC3EB13D2}.Debug|x86.Build.0 = Debug|Any CPU
		{40EA03F7-8A22-1234-B251-79BAC3EB13D2}.Release|Any CPU.ActiveCfg = Release|Any CPU
		{40EA03F7-8A22-1234-B251-79BAC3EB13D2}.Release|Any CPU.Build.0 = Release|Any CPU
		{40EA03F7-8A22-1234-B251-79BAC3EB13D2}.Release|ARM.ActiveCfg = Release|Any CPU
		{40EA03F7-8A22-1234-B251-79BAC3EB13D2}.Release|ARM.Build.0 = Release|Any CPU
		{40EA03F7-8A22-1234-B251-79BAC3EB13D2}.Release|ARM64.ActiveCfg = Release|Any CPU
		{40EA03F7-8A22-1234-B251-79BAC3EB13D2}.Release|ARM64.Build.0 = Release|Any CPU
		{40EA03F7-8A22-1234-B251-79BAC3EB13D2}.Release|iPhone.ActiveCfg = Release|Any CPU
		{40EA03F7-8A22-1234-B251-79BAC3EB13D2}.Release|iPhone.Build.0 = Release|Any CPU
		{40EA03F7-8A22-1234-B251-79BAC3EB13D2}.Release|iPhoneSimulator.ActiveCfg = Release|Any CPU
		{40EA03F7-8A22-1234-B251-79BAC3EB13D2}.Release|iPhoneSimulator.Build.0 = Release|Any CPU
		{40EA03F7-8A22-1234-B251-79BAC3EB13D2}.Release|x64.ActiveCfg = Release|Any CPU
		{40EA03F7-8A22-1234-B251-79BAC3EB13D2}.Release|x64.Build.0 = Release|Any CPU
		{40EA03F7-8A22-1234-B251-79BAC3EB13D2}.Release|x86.ActiveCfg = Release|Any CPU
		{40EA03F7-8A22-1234-B251-79BAC3EB13D2}.Release|x86.Build.0 = Release|Any CPU
		{A5B8155A-118F-4794-B551-C6F3CF7E5411}.Debug|Any CPU.ActiveCfg = Debug|Any CPU
		{A5B8155A-118F-4794-B551-C6F3CF7E5411}.Debug|Any CPU.Build.0 = Debug|Any CPU
		{A5B8155A-118F-4794-B551-C6F3CF7E5411}.Debug|ARM.ActiveCfg = Debug|Any CPU
		{A5B8155A-118F-4794-B551-C6F3CF7E5411}.Debug|ARM.Build.0 = Debug|Any CPU
		{A5B8155A-118F-4794-B551-C6F3CF7E5411}.Debug|ARM64.ActiveCfg = Debug|Any CPU
		{A5B8155A-118F-4794-B551-C6F3CF7E5411}.Debug|ARM64.Build.0 = Debug|Any CPU
		{A5B8155A-118F-4794-B551-C6F3CF7E5411}.Debug|iPhone.ActiveCfg = Debug|Any CPU
		{A5B8155A-118F-4794-B551-C6F3CF7E5411}.Debug|iPhone.Build.0 = Debug|Any CPU
		{A5B8155A-118F-4794-B551-C6F3CF7E5411}.Debug|iPhoneSimulator.ActiveCfg = Debug|Any CPU
		{A5B8155A-118F-4794-B551-C6F3CF7E5411}.Debug|iPhoneSimulator.Build.0 = Debug|Any CPU
		{A5B8155A-118F-4794-B551-C6F3CF7E5411}.Debug|x64.ActiveCfg = Debug|Any CPU
		{A5B8155A-118F-4794-B551-C6F3CF7E5411}.Debug|x64.Build.0 = Debug|Any CPU
		{A5B8155A-118F-4794-B551-C6F3CF7E5411}.Debug|x86.ActiveCfg = Debug|Any CPU
		{A5B8155A-118F-4794-B551-C6F3CF7E5411}.Debug|x86.Build.0 = Debug|Any CPU
		{A5B8155A-118F-4794-B551-C6F3CF7E5411}.Release|Any CPU.ActiveCfg = Release|Any CPU
		{A5B8155A-118F-4794-B551-C6F3CF7E5411}.Release|Any CPU.Build.0 = Release|Any CPU
		{A5B8155A-118F-4794-B551-C6F3CF7E5411}.Release|ARM.ActiveCfg = Release|Any CPU
		{A5B8155A-118F-4794-B551-C6F3CF7E5411}.Release|ARM.Build.0 = Release|Any CPU
		{A5B8155A-118F-4794-B551-C6F3CF7E5411}.Release|ARM64.ActiveCfg = Release|Any CPU
		{A5B8155A-118F-4794-B551-C6F3CF7E5411}.Release|ARM64.Build.0 = Release|Any CPU
		{A5B8155A-118F-4794-B551-C6F3CF7E5411}.Release|iPhone.ActiveCfg = Release|Any CPU
		{A5B8155A-118F-4794-B551-C6F3CF7E5411}.Release|iPhone.Build.0 = Release|Any CPU
		{A5B8155A-118F-4794-B551-C6F3CF7E5411}.Release|iPhoneSimulator.ActiveCfg = Release|Any CPU
		{A5B8155A-118F-4794-B551-C6F3CF7E5411}.Release|iPhoneSimulator.Build.0 = Release|Any CPU
		{A5B8155A-118F-4794-B551-C6F3CF7E5411}.Release|x64.ActiveCfg = Release|Any CPU
		{A5B8155A-118F-4794-B551-C6F3CF7E5411}.Release|x64.Build.0 = Release|Any CPU
		{A5B8155A-118F-4794-B551-C6F3CF7E5411}.Release|x86.ActiveCfg = Release|Any CPU
		{A5B8155A-118F-4794-B551-C6F3CF7E5411}.Release|x86.Build.0 = Release|Any CPU
		{5563587A-C371-4043-92DC-08D85C770FCE}.Debug|Any CPU.ActiveCfg = Debug|Any CPU
		{5563587A-C371-4043-92DC-08D85C770FCE}.Debug|Any CPU.Build.0 = Debug|Any CPU
		{5563587A-C371-4043-92DC-08D85C770FCE}.Debug|Any CPU.Deploy.0 = Debug|Any CPU
		{5563587A-C371-4043-92DC-08D85C770FCE}.Debug|ARM.ActiveCfg = Debug|Any CPU
		{5563587A-C371-4043-92DC-08D85C770FCE}.Debug|ARM.Build.0 = Debug|Any CPU
		{5563587A-C371-4043-92DC-08D85C770FCE}.Debug|ARM.Deploy.0 = Debug|Any CPU
		{5563587A-C371-4043-92DC-08D85C770FCE}.Debug|ARM64.ActiveCfg = Debug|Any CPU
		{5563587A-C371-4043-92DC-08D85C770FCE}.Debug|ARM64.Build.0 = Debug|Any CPU
		{5563587A-C371-4043-92DC-08D85C770FCE}.Debug|ARM64.Deploy.0 = Debug|Any CPU
		{5563587A-C371-4043-92DC-08D85C770FCE}.Debug|iPhone.ActiveCfg = Debug|Any CPU
		{5563587A-C371-4043-92DC-08D85C770FCE}.Debug|iPhone.Build.0 = Debug|Any CPU
		{5563587A-C371-4043-92DC-08D85C770FCE}.Debug|iPhone.Deploy.0 = Debug|Any CPU
		{5563587A-C371-4043-92DC-08D85C770FCE}.Debug|iPhoneSimulator.ActiveCfg = Debug|Any CPU
		{5563587A-C371-4043-92DC-08D85C770FCE}.Debug|iPhoneSimulator.Build.0 = Debug|Any CPU
		{5563587A-C371-4043-92DC-08D85C770FCE}.Debug|iPhoneSimulator.Deploy.0 = Debug|Any CPU
		{5563587A-C371-4043-92DC-08D85C770FCE}.Debug|x64.ActiveCfg = Debug|Any CPU
		{5563587A-C371-4043-92DC-08D85C770FCE}.Debug|x64.Build.0 = Debug|Any CPU
		{5563587A-C371-4043-92DC-08D85C770FCE}.Debug|x64.Deploy.0 = Debug|Any CPU
		{5563587A-C371-4043-92DC-08D85C770FCE}.Debug|x86.ActiveCfg = Debug|Any CPU
		{5563587A-C371-4043-92DC-08D85C770FCE}.Debug|x86.Build.0 = Debug|Any CPU
		{5563587A-C371-4043-92DC-08D85C770FCE}.Debug|x86.Deploy.0 = Debug|Any CPU
		{5563587A-C371-4043-92DC-08D85C770FCE}.Release|Any CPU.ActiveCfg = Release|Any CPU
		{5563587A-C371-4043-92DC-08D85C770FCE}.Release|Any CPU.Build.0 = Release|Any CPU
		{5563587A-C371-4043-92DC-08D85C770FCE}.Release|ARM.ActiveCfg = Release|Any CPU
		{5563587A-C371-4043-92DC-08D85C770FCE}.Release|ARM.Build.0 = Release|Any CPU
		{5563587A-C371-4043-92DC-08D85C770FCE}.Release|ARM.Deploy.0 = Release|Any CPU
		{5563587A-C371-4043-92DC-08D85C770FCE}.Release|ARM64.ActiveCfg = Release|Any CPU
		{5563587A-C371-4043-92DC-08D85C770FCE}.Release|ARM64.Build.0 = Release|Any CPU
		{5563587A-C371-4043-92DC-08D85C770FCE}.Release|ARM64.Deploy.0 = Release|Any CPU
		{5563587A-C371-4043-92DC-08D85C770FCE}.Release|iPhone.ActiveCfg = Release|Any CPU
		{5563587A-C371-4043-92DC-08D85C770FCE}.Release|iPhone.Build.0 = Release|Any CPU
		{5563587A-C371-4043-92DC-08D85C770FCE}.Release|iPhoneSimulator.ActiveCfg = Release|Any CPU
		{5563587A-C371-4043-92DC-08D85C770FCE}.Release|iPhoneSimulator.Build.0 = Release|Any CPU
		{5563587A-C371-4043-92DC-08D85C770FCE}.Release|iPhoneSimulator.Deploy.0 = Release|Any CPU
		{5563587A-C371-4043-92DC-08D85C770FCE}.Release|x64.ActiveCfg = Release|Any CPU
		{5563587A-C371-4043-92DC-08D85C770FCE}.Release|x64.Build.0 = Release|Any CPU
		{5563587A-C371-4043-92DC-08D85C770FCE}.Release|x64.Deploy.0 = Release|Any CPU
		{5563587A-C371-4043-92DC-08D85C770FCE}.Release|x86.ActiveCfg = Release|Any CPU
		{5563587A-C371-4043-92DC-08D85C770FCE}.Release|x86.Build.0 = Release|Any CPU
		{5563587A-C371-4043-92DC-08D85C770FCE}.Release|x86.Deploy.0 = Release|Any CPU
		{1AA13270-F438-4864-9435-54FD806E10EA}.Debug|Any CPU.ActiveCfg = Debug|x86
		{1AA13270-F438-4864-9435-54FD806E10EA}.Debug|Any CPU.Build.0 = Debug|x86
		{1AA13270-F438-4864-9435-54FD806E10EA}.Debug|Any CPU.Deploy.0 = Debug|x86
		{1AA13270-F438-4864-9435-54FD806E10EA}.Debug|ARM.ActiveCfg = Debug|Any CPU
		{1AA13270-F438-4864-9435-54FD806E10EA}.Debug|ARM.Build.0 = Debug|Any CPU
		{1AA13270-F438-4864-9435-54FD806E10EA}.Debug|ARM64.ActiveCfg = Debug|x86
		{1AA13270-F438-4864-9435-54FD806E10EA}.Debug|ARM64.Build.0 = Debug|x86
		{1AA13270-F438-4864-9435-54FD806E10EA}.Debug|iPhone.ActiveCfg = Debug|Any CPU
		{1AA13270-F438-4864-9435-54FD806E10EA}.Debug|iPhone.Build.0 = Debug|Any CPU
		{1AA13270-F438-4864-9435-54FD806E10EA}.Debug|iPhoneSimulator.ActiveCfg = Debug|Any CPU
		{1AA13270-F438-4864-9435-54FD806E10EA}.Debug|iPhoneSimulator.Build.0 = Debug|Any CPU
		{1AA13270-F438-4864-9435-54FD806E10EA}.Debug|x64.ActiveCfg = Debug|x64
		{1AA13270-F438-4864-9435-54FD806E10EA}.Debug|x64.Build.0 = Debug|x64
		{1AA13270-F438-4864-9435-54FD806E10EA}.Debug|x64.Deploy.0 = Debug|x64
		{1AA13270-F438-4864-9435-54FD806E10EA}.Debug|x86.ActiveCfg = Debug|x86
		{1AA13270-F438-4864-9435-54FD806E10EA}.Debug|x86.Build.0 = Debug|x86
		{1AA13270-F438-4864-9435-54FD806E10EA}.Debug|x86.Deploy.0 = Debug|x86
		{1AA13270-F438-4864-9435-54FD806E10EA}.Release|Any CPU.ActiveCfg = Release|Any CPU
		{1AA13270-F438-4864-9435-54FD806E10EA}.Release|Any CPU.Build.0 = Release|Any CPU
		{1AA13270-F438-4864-9435-54FD806E10EA}.Release|Any CPU.Deploy.0 = Release|Any CPU
		{1AA13270-F438-4864-9435-54FD806E10EA}.Release|ARM.ActiveCfg = Release|Any CPU
		{1AA13270-F438-4864-9435-54FD806E10EA}.Release|ARM.Build.0 = Release|Any CPU
		{1AA13270-F438-4864-9435-54FD806E10EA}.Release|ARM64.ActiveCfg = Release|x86
		{1AA13270-F438-4864-9435-54FD806E10EA}.Release|ARM64.Build.0 = Release|x86
		{1AA13270-F438-4864-9435-54FD806E10EA}.Release|iPhone.ActiveCfg = Release|Any CPU
		{1AA13270-F438-4864-9435-54FD806E10EA}.Release|iPhone.Build.0 = Release|Any CPU
		{1AA13270-F438-4864-9435-54FD806E10EA}.Release|iPhoneSimulator.ActiveCfg = Release|Any CPU
		{1AA13270-F438-4864-9435-54FD806E10EA}.Release|iPhoneSimulator.Build.0 = Release|Any CPU
		{1AA13270-F438-4864-9435-54FD806E10EA}.Release|x64.ActiveCfg = Release|x64
		{1AA13270-F438-4864-9435-54FD806E10EA}.Release|x64.Build.0 = Release|x64
		{1AA13270-F438-4864-9435-54FD806E10EA}.Release|x64.Deploy.0 = Release|x64
		{1AA13270-F438-4864-9435-54FD806E10EA}.Release|x86.ActiveCfg = Release|x86
		{1AA13270-F438-4864-9435-54FD806E10EA}.Release|x86.Build.0 = Release|x86
		{1AA13270-F438-4864-9435-54FD806E10EA}.Release|x86.Deploy.0 = Release|x86
		{761D821E-9905-4444-9ADF-76C995FE5427}.Debug|Any CPU.ActiveCfg = Debug|Any CPU
		{761D821E-9905-4444-9ADF-76C995FE5427}.Debug|Any CPU.Build.0 = Debug|Any CPU
		{761D821E-9905-4444-9ADF-76C995FE5427}.Debug|ARM.ActiveCfg = Debug|Any CPU
		{761D821E-9905-4444-9ADF-76C995FE5427}.Debug|ARM.Build.0 = Debug|Any CPU
		{761D821E-9905-4444-9ADF-76C995FE5427}.Debug|ARM64.ActiveCfg = Debug|Any CPU
		{761D821E-9905-4444-9ADF-76C995FE5427}.Debug|ARM64.Build.0 = Debug|Any CPU
		{761D821E-9905-4444-9ADF-76C995FE5427}.Debug|iPhone.ActiveCfg = Debug|Any CPU
		{761D821E-9905-4444-9ADF-76C995FE5427}.Debug|iPhone.Build.0 = Debug|Any CPU
		{761D821E-9905-4444-9ADF-76C995FE5427}.Debug|iPhoneSimulator.ActiveCfg = Debug|Any CPU
		{761D821E-9905-4444-9ADF-76C995FE5427}.Debug|iPhoneSimulator.Build.0 = Debug|Any CPU
		{761D821E-9905-4444-9ADF-76C995FE5427}.Debug|x64.ActiveCfg = Debug|Any CPU
		{761D821E-9905-4444-9ADF-76C995FE5427}.Debug|x64.Build.0 = Debug|Any CPU
		{761D821E-9905-4444-9ADF-76C995FE5427}.Debug|x86.ActiveCfg = Debug|Any CPU
		{761D821E-9905-4444-9ADF-76C995FE5427}.Debug|x86.Build.0 = Debug|Any CPU
		{761D821E-9905-4444-9ADF-76C995FE5427}.Release|Any CPU.ActiveCfg = Release|Any CPU
		{761D821E-9905-4444-9ADF-76C995FE5427}.Release|Any CPU.Build.0 = Release|Any CPU
		{761D821E-9905-4444-9ADF-76C995FE5427}.Release|ARM.ActiveCfg = Release|Any CPU
		{761D821E-9905-4444-9ADF-76C995FE5427}.Release|ARM.Build.0 = Release|Any CPU
		{761D821E-9905-4444-9ADF-76C995FE5427}.Release|ARM64.ActiveCfg = Release|Any CPU
		{761D821E-9905-4444-9ADF-76C995FE5427}.Release|ARM64.Build.0 = Release|Any CPU
		{761D821E-9905-4444-9ADF-76C995FE5427}.Release|iPhone.ActiveCfg = Release|Any CPU
		{761D821E-9905-4444-9ADF-76C995FE5427}.Release|iPhone.Build.0 = Release|Any CPU
		{761D821E-9905-4444-9ADF-76C995FE5427}.Release|iPhoneSimulator.ActiveCfg = Release|Any CPU
		{761D821E-9905-4444-9ADF-76C995FE5427}.Release|iPhoneSimulator.Build.0 = Release|Any CPU
		{761D821E-9905-4444-9ADF-76C995FE5427}.Release|x64.ActiveCfg = Release|Any CPU
		{761D821E-9905-4444-9ADF-76C995FE5427}.Release|x64.Build.0 = Release|Any CPU
		{761D821E-9905-4444-9ADF-76C995FE5427}.Release|x86.ActiveCfg = Release|Any CPU
		{761D821E-9905-4444-9ADF-76C995FE5427}.Release|x86.Build.0 = Release|Any CPU
		{EB194012-1AFA-44A3-9812-8A73D9A668F1}.Debug|Any CPU.ActiveCfg = Debug|Any CPU
		{EB194012-1AFA-44A3-9812-8A73D9A668F1}.Debug|Any CPU.Build.0 = Debug|Any CPU
		{EB194012-1AFA-44A3-9812-8A73D9A668F1}.Debug|ARM.ActiveCfg = Debug|Any CPU
		{EB194012-1AFA-44A3-9812-8A73D9A668F1}.Debug|ARM.Build.0 = Debug|Any CPU
		{EB194012-1AFA-44A3-9812-8A73D9A668F1}.Debug|ARM64.ActiveCfg = Debug|Any CPU
		{EB194012-1AFA-44A3-9812-8A73D9A668F1}.Debug|ARM64.Build.0 = Debug|Any CPU
		{EB194012-1AFA-44A3-9812-8A73D9A668F1}.Debug|iPhone.ActiveCfg = Debug|Any CPU
		{EB194012-1AFA-44A3-9812-8A73D9A668F1}.Debug|iPhone.Build.0 = Debug|Any CPU
		{EB194012-1AFA-44A3-9812-8A73D9A668F1}.Debug|iPhoneSimulator.ActiveCfg = Debug|Any CPU
		{EB194012-1AFA-44A3-9812-8A73D9A668F1}.Debug|iPhoneSimulator.Build.0 = Debug|Any CPU
		{EB194012-1AFA-44A3-9812-8A73D9A668F1}.Debug|x64.ActiveCfg = Debug|Any CPU
		{EB194012-1AFA-44A3-9812-8A73D9A668F1}.Debug|x64.Build.0 = Debug|Any CPU
		{EB194012-1AFA-44A3-9812-8A73D9A668F1}.Debug|x86.ActiveCfg = Debug|Any CPU
		{EB194012-1AFA-44A3-9812-8A73D9A668F1}.Debug|x86.Build.0 = Debug|Any CPU
		{EB194012-1AFA-44A3-9812-8A73D9A668F1}.Release|Any CPU.ActiveCfg = Release|Any CPU
		{EB194012-1AFA-44A3-9812-8A73D9A668F1}.Release|Any CPU.Build.0 = Release|Any CPU
		{EB194012-1AFA-44A3-9812-8A73D9A668F1}.Release|ARM.ActiveCfg = Release|Any CPU
		{EB194012-1AFA-44A3-9812-8A73D9A668F1}.Release|ARM.Build.0 = Release|Any CPU
		{EB194012-1AFA-44A3-9812-8A73D9A668F1}.Release|ARM64.ActiveCfg = Release|Any CPU
		{EB194012-1AFA-44A3-9812-8A73D9A668F1}.Release|ARM64.Build.0 = Release|Any CPU
		{EB194012-1AFA-44A3-9812-8A73D9A668F1}.Release|iPhone.ActiveCfg = Release|Any CPU
		{EB194012-1AFA-44A3-9812-8A73D9A668F1}.Release|iPhone.Build.0 = Release|Any CPU
		{EB194012-1AFA-44A3-9812-8A73D9A668F1}.Release|iPhoneSimulator.ActiveCfg = Release|Any CPU
		{EB194012-1AFA-44A3-9812-8A73D9A668F1}.Release|iPhoneSimulator.Build.0 = Release|Any CPU
		{EB194012-1AFA-44A3-9812-8A73D9A668F1}.Release|x64.ActiveCfg = Release|Any CPU
		{EB194012-1AFA-44A3-9812-8A73D9A668F1}.Release|x64.Build.0 = Release|Any CPU
		{EB194012-1AFA-44A3-9812-8A73D9A668F1}.Release|x86.ActiveCfg = Release|Any CPU
		{EB194012-1AFA-44A3-9812-8A73D9A668F1}.Release|x86.Build.0 = Release|Any CPU
		{D8BCA321-8591-4F59-8F9F-CA773883FF16}.Debug|Any CPU.ActiveCfg = Debug|Any CPU
		{D8BCA321-8591-4F59-8F9F-CA773883FF16}.Debug|Any CPU.Build.0 = Debug|Any CPU
		{D8BCA321-8591-4F59-8F9F-CA773883FF16}.Debug|ARM.ActiveCfg = Debug|Any CPU
		{D8BCA321-8591-4F59-8F9F-CA773883FF16}.Debug|ARM.Build.0 = Debug|Any CPU
		{D8BCA321-8591-4F59-8F9F-CA773883FF16}.Debug|ARM64.ActiveCfg = Debug|Any CPU
		{D8BCA321-8591-4F59-8F9F-CA773883FF16}.Debug|ARM64.Build.0 = Debug|Any CPU
		{D8BCA321-8591-4F59-8F9F-CA773883FF16}.Debug|iPhone.ActiveCfg = Debug|Any CPU
		{D8BCA321-8591-4F59-8F9F-CA773883FF16}.Debug|iPhone.Build.0 = Debug|Any CPU
		{D8BCA321-8591-4F59-8F9F-CA773883FF16}.Debug|iPhoneSimulator.ActiveCfg = Debug|Any CPU
		{D8BCA321-8591-4F59-8F9F-CA773883FF16}.Debug|iPhoneSimulator.Build.0 = Debug|Any CPU
		{D8BCA321-8591-4F59-8F9F-CA773883FF16}.Debug|x64.ActiveCfg = Debug|Any CPU
		{D8BCA321-8591-4F59-8F9F-CA773883FF16}.Debug|x64.Build.0 = Debug|Any CPU
		{D8BCA321-8591-4F59-8F9F-CA773883FF16}.Debug|x86.ActiveCfg = Debug|Any CPU
		{D8BCA321-8591-4F59-8F9F-CA773883FF16}.Debug|x86.Build.0 = Debug|Any CPU
		{D8BCA321-8591-4F59-8F9F-CA773883FF16}.Release|Any CPU.ActiveCfg = Release|Any CPU
		{D8BCA321-8591-4F59-8F9F-CA773883FF16}.Release|Any CPU.Build.0 = Release|Any CPU
		{D8BCA321-8591-4F59-8F9F-CA773883FF16}.Release|ARM.ActiveCfg = Release|Any CPU
		{D8BCA321-8591-4F59-8F9F-CA773883FF16}.Release|ARM.Build.0 = Release|Any CPU
		{D8BCA321-8591-4F59-8F9F-CA773883FF16}.Release|ARM64.ActiveCfg = Release|Any CPU
		{D8BCA321-8591-4F59-8F9F-CA773883FF16}.Release|ARM64.Build.0 = Release|Any CPU
		{D8BCA321-8591-4F59-8F9F-CA773883FF16}.Release|iPhone.ActiveCfg = Release|Any CPU
		{D8BCA321-8591-4F59-8F9F-CA773883FF16}.Release|iPhone.Build.0 = Release|Any CPU
		{D8BCA321-8591-4F59-8F9F-CA773883FF16}.Release|iPhoneSimulator.ActiveCfg = Release|Any CPU
		{D8BCA321-8591-4F59-8F9F-CA773883FF16}.Release|iPhoneSimulator.Build.0 = Release|Any CPU
		{D8BCA321-8591-4F59-8F9F-CA773883FF16}.Release|x64.ActiveCfg = Release|Any CPU
		{D8BCA321-8591-4F59-8F9F-CA773883FF16}.Release|x64.Build.0 = Release|Any CPU
		{D8BCA321-8591-4F59-8F9F-CA773883FF16}.Release|x86.ActiveCfg = Release|Any CPU
		{D8BCA321-8591-4F59-8F9F-CA773883FF16}.Release|x86.Build.0 = Release|Any CPU
		{6D43CE9F-C713-41A2-9D1A-B027C43A860D}.Debug|Any CPU.ActiveCfg = Debug|Any CPU
		{6D43CE9F-C713-41A2-9D1A-B027C43A860D}.Debug|Any CPU.Build.0 = Debug|Any CPU
		{6D43CE9F-C713-41A2-9D1A-B027C43A860D}.Debug|ARM.ActiveCfg = Debug|Any CPU
		{6D43CE9F-C713-41A2-9D1A-B027C43A860D}.Debug|ARM.Build.0 = Debug|Any CPU
		{6D43CE9F-C713-41A2-9D1A-B027C43A860D}.Debug|ARM64.ActiveCfg = Debug|Any CPU
		{6D43CE9F-C713-41A2-9D1A-B027C43A860D}.Debug|ARM64.Build.0 = Debug|Any CPU
		{6D43CE9F-C713-41A2-9D1A-B027C43A860D}.Debug|iPhone.ActiveCfg = Debug|Any CPU
		{6D43CE9F-C713-41A2-9D1A-B027C43A860D}.Debug|iPhone.Build.0 = Debug|Any CPU
		{6D43CE9F-C713-41A2-9D1A-B027C43A860D}.Debug|iPhoneSimulator.ActiveCfg = Debug|Any CPU
		{6D43CE9F-C713-41A2-9D1A-B027C43A860D}.Debug|iPhoneSimulator.Build.0 = Debug|Any CPU
		{6D43CE9F-C713-41A2-9D1A-B027C43A860D}.Debug|x64.ActiveCfg = Debug|Any CPU
		{6D43CE9F-C713-41A2-9D1A-B027C43A860D}.Debug|x64.Build.0 = Debug|Any CPU
		{6D43CE9F-C713-41A2-9D1A-B027C43A860D}.Debug|x86.ActiveCfg = Debug|Any CPU
		{6D43CE9F-C713-41A2-9D1A-B027C43A860D}.Debug|x86.Build.0 = Debug|Any CPU
		{6D43CE9F-C713-41A2-9D1A-B027C43A860D}.Release|Any CPU.ActiveCfg = Release|Any CPU
		{6D43CE9F-C713-41A2-9D1A-B027C43A860D}.Release|Any CPU.Build.0 = Release|Any CPU
		{6D43CE9F-C713-41A2-9D1A-B027C43A860D}.Release|ARM.ActiveCfg = Release|Any CPU
		{6D43CE9F-C713-41A2-9D1A-B027C43A860D}.Release|ARM.Build.0 = Release|Any CPU
		{6D43CE9F-C713-41A2-9D1A-B027C43A860D}.Release|ARM64.ActiveCfg = Release|Any CPU
		{6D43CE9F-C713-41A2-9D1A-B027C43A860D}.Release|ARM64.Build.0 = Release|Any CPU
		{6D43CE9F-C713-41A2-9D1A-B027C43A860D}.Release|iPhone.ActiveCfg = Release|Any CPU
		{6D43CE9F-C713-41A2-9D1A-B027C43A860D}.Release|iPhone.Build.0 = Release|Any CPU
		{6D43CE9F-C713-41A2-9D1A-B027C43A860D}.Release|iPhoneSimulator.ActiveCfg = Release|Any CPU
		{6D43CE9F-C713-41A2-9D1A-B027C43A860D}.Release|iPhoneSimulator.Build.0 = Release|Any CPU
		{6D43CE9F-C713-41A2-9D1A-B027C43A860D}.Release|x64.ActiveCfg = Release|Any CPU
		{6D43CE9F-C713-41A2-9D1A-B027C43A860D}.Release|x64.Build.0 = Release|Any CPU
		{6D43CE9F-C713-41A2-9D1A-B027C43A860D}.Release|x86.ActiveCfg = Release|Any CPU
		{6D43CE9F-C713-41A2-9D1A-B027C43A860D}.Release|x86.Build.0 = Release|Any CPU
	EndGlobalSection
	GlobalSection(SolutionProperties) = preSolution
		HideSolutionNode = FALSE
	EndGlobalSection
	GlobalSection(ExtensibilityGlobals) = postSolution
		SolutionGuid = {C7433AE2-B1A0-4C1A-887E-5CAA7AAF67A6}
	EndGlobalSection
	GlobalSection(SharedMSBuildProjectFiles) = preSolution
		EncryptionDirectory.Uno.Shared\EncryptionDirectory.Uno.Shared.projitems*{1aa13270-f438-4864-9435-54fd806e10ea}*SharedItemsImports = 5
		EncryptionDirectory.Uno.Shared\EncryptionDirectory.Uno.Shared.projitems*{40ea03f7-8a22-4143-b251-79bac3eb13d2}*SharedItemsImports = 5
		EncryptionDirectory.Uno.Shared\EncryptionDirectory.Uno.Shared.projitems*{5563587a-c371-4043-92dc-08d85c770fce}*SharedItemsImports = 5
		EncryptionDirectory.Uno.Shared\EncryptionDirectory.Uno.Shared.projitems*{6279c845-92f8-4333-ab99-3d213163593c}*SharedItemsImports = 13
		EncryptionDirectory.Uno.Shared\EncryptionDirectory.Uno.Shared.projitems*{761d821e-9905-4444-9adf-76c995fe5427}*SharedItemsImports = 5
		EncryptionDirectory.Uno.Shared\EncryptionDirectory.Uno.Shared.projitems*{a5b8155a-118f-4794-b551-c6f3cf7e5411}*SharedItemsImports = 5
		EncryptionDirectory.Uno.Shared\EncryptionDirectory.Uno.Shared.projitems*{c936e8dd-e16d-4957-bc54-24d4c7b829a5}*SharedItemsImports = 5
	EndGlobalSection
EndGlobal
